
Microsoft Visual Studio Solution File, Format Version 12.00
# Visual Studio 14
VisualStudioVersion = 14.0.25420.1
MinimumVisualStudioVersion = 10.0.40219.1
Project("{FAE04EC0-301F-11D3-BF4B-00C04F79EFBC}") = "Test", "Test.csproj", "{0F42AE4B-D8C0-4676-8CBD-8FD978119FF6}"
EndProject
Project("{FAE04EC0-301F-11D3-BF4B-00C04F79EFBC}") = "Pages", "..\Pages\Pages.csproj", "{7EC32317-8A77-432D-BEA1-89457A0D5C9A}"
EndProject
Project("{FAE04EC0-301F-11D3-BF4B-00C04F79EFBC}") = "WDriver", "..\WDriver\WDriver.csproj", "{63F0DE51-2E04-4C5B-8B28-25C3AB3BE2E6}"
EndProject
Project("{FAE04EC0-301F-11D3-BF4B-00C04F79EFBC}") = "Entities", "..\Entities\Entities.csproj", "{32E8416B-A5F8-4042-91DC-A78ACB7A3684}"
EndProject
Project("{FAE04EC0-301F-11D3-BF4B-00C04F79EFBC}") = "Utility", "..\Utility\Utility.csproj", "{9771D8EA-801D-483E-9761-C63EFD73EBA5}"
EndProject
Project("{FAE04EC0-301F-11D3-BF4B-00C04F79EFBC}") = "Logger", "..\Logger\Logger.csproj", "{FE2C0124-FF24-497D-88E8-7B1C81888C8A}"
EndProject
Project("{FAE04EC0-301F-11D3-BF4B-00C04F79EFBC}") = "Reporting", "..\Reporting\Reporting.csproj", "{C293C4D8-6B6B-46C7-AC8C-1EFC82AFBFE1}"
EndProject
Global
	GlobalSection(SolutionConfigurationPlatforms) = preSolution
		Debug|Any CPU = Debug|Any CPU
		Release|Any CPU = Release|Any CPU
	EndGlobalSection
	GlobalSection(ProjectConfigurationPlatforms) = postSolution
		{0F42AE4B-D8C0-4676-8CBD-8FD978119FF6}.Debug|Any CPU.ActiveCfg = Debug|Any CPU
		{0F42AE4B-D8C0-4676-8CBD-8FD978119FF6}.Debug|Any CPU.Build.0 = Debug|Any CPU
		{0F42AE4B-D8C0-4676-8CBD-8FD978119FF6}.Release|Any CPU.ActiveCfg = Release|Any CPU
		{0F42AE4B-D8C0-4676-8CBD-8FD978119FF6}.Release|Any CPU.Build.0 = Release|Any CPU
		{7EC32317-8A77-432D-BEA1-89457A0D5C9A}.Debug|Any CPU.ActiveCfg = Debug|Any CPU
		{7EC32317-8A77-432D-BEA1-89457A0D5C9A}.Debug|Any CPU.Build.0 = Debug|Any CPU
		{7EC32317-8A77-432D-BEA1-89457A0D5C9A}.Release|Any CPU.ActiveCfg = Release|Any CPU
		{7EC32317-8A77-432D-BEA1-89457A0D5C9A}.Release|Any CPU.Build.0 = Release|Any CPU
		{63F0DE51-2E04-4C5B-8B28-25C3AB3BE2E6}.Debug|Any CPU.ActiveCfg = Debug|Any CPU
		{63F0DE51-2E04-4C5B-8B28-25C3AB3BE2E6}.Debug|Any CPU.Build.0 = Debug|Any CPU
		{63F0DE51-2E04-4C5B-8B28-25C3AB3BE2E6}.Release|Any CPU.ActiveCfg = Release|Any CPU
		{63F0DE51-2E04-4C5B-8B28-25C3AB3BE2E6}.Release|Any CPU.Build.0 = Release|Any CPU
		{32E8416B-A5F8-4042-91DC-A78ACB7A3684}.Debug|Any CPU.ActiveCfg = Debug|Any CPU
		{32E8416B-A5F8-4042-91DC-A78ACB7A3684}.Debug|Any CPU.Build.0 = Debug|Any CPU
		{32E8416B-A5F8-4042-91DC-A78ACB7A3684}.Release|Any CPU.ActiveCfg = Release|Any CPU
		{32E8416B-A5F8-4042-91DC-A78ACB7A3684}.Release|Any CPU.Build.0 = Release|Any CPU
		{9771D8EA-801D-483E-9761-C63EFD73EBA5}.Debug|Any CPU.ActiveCfg = Debug|Any CPU
		{9771D8EA-801D-483E-9761-C63EFD73EBA5}.Debug|Any CPU.Build.0 = Debug|Any CPU
		{9771D8EA-801D-483E-9761-C63EFD73EBA5}.Release|Any CPU.ActiveCfg = Release|Any CPU
		{9771D8EA-801D-483E-9761-C63EFD73EBA5}.Release|Any CPU.Build.0 = Release|Any CPU
		{FE2C0124-FF24-497D-88E8-7B1C81888C8A}.Debug|Any CPU.ActiveCfg = Debug|Any CPU
		{FE2C0124-FF24-497D-88E8-7B1C81888C8A}.Debug|Any CPU.Build.0 = Debug|Any CPU
		{FE2C0124-FF24-497D-88E8-7B1C81888C8A}.Release|Any CPU.ActiveCfg = Release|Any CPU
		{FE2C0124-FF24-497D-88E8-7B1C81888C8A}.Release|Any CPU.Build.0 = Release|Any CPU
		{C293C4D8-6B6B-46C7-AC8C-1EFC82AFBFE1}.Debug|Any CPU.ActiveCfg = Debug|Any CPU
		{C293C4D8-6B6B-46C7-AC8C-1EFC82AFBFE1}.Debug|Any CPU.Build.0 = Debug|Any CPU
		{C293C4D8-6B6B-46C7-AC8C-1EFC82AFBFE1}.Release|Any CPU.ActiveCfg = Release|Any CPU
		{C293C4D8-6B6B-46C7-AC8C-1EFC82AFBFE1}.Release|Any CPU.Build.0 = Release|Any CPU
	EndGlobalSection
	GlobalSection(SolutionProperties) = preSolution
		HideSolutionNode = FALSE
	EndGlobalSection
EndGlobal
